// !$*UTF8*$!
{
	archiveVersion = 1;
	classes = {
	};
	objectVersion = 51;
	objects = {

/* Begin PBXBuildFile section */
		261CF67026B6895C004B1450 /* AppDelegate.swift in Sources */ = {isa = PBXBuildFile; fileRef = 261CF66F26B6895C004B1450 /* AppDelegate.swift */; };
		261CF67226B6895C004B1450 /* SceneDelegate.swift in Sources */ = {isa = PBXBuildFile; fileRef = 261CF67126B6895C004B1450 /* SceneDelegate.swift */; };
		261CF67426B6895C004B1450 /* ViewController.swift in Sources */ = {isa = PBXBuildFile; fileRef = 261CF67326B6895C004B1450 /* ViewController.swift */; };
		261CF67726B6895C004B1450 /* Main.storyboard in Resources */ = {isa = PBXBuildFile; fileRef = 261CF67526B6895C004B1450 /* Main.storyboard */; };
		261CF67926B68965004B1450 /* Assets.xcassets in Resources */ = {isa = PBXBuildFile; fileRef = 261CF67826B68965004B1450 /* Assets.xcassets */; };
		261CF67C26B68965004B1450 /* LaunchScreen.storyboard in Resources */ = {isa = PBXBuildFile; fileRef = 261CF67A26B68965004B1450 /* LaunchScreen.storyboard */; };
		2665A47A26B69CCB00E94058 /* home_selected@2x.png in Resources */ = {isa = PBXBuildFile; fileRef = 2665A46726B69CCA00E94058 /* home_selected@2x.png */; };
		2665A47B26B69CCB00E94058 /* defaultAvatar@2x.jpg in Resources */ = {isa = PBXBuildFile; fileRef = 2665A46826B69CCA00E94058 /* defaultAvatar@2x.jpg */; };
		2665A47C26B69CCB00E94058 /* icon_phone@2x.png in Resources */ = {isa = PBXBuildFile; fileRef = 2665A46926B69CCB00E94058 /* icon_phone@2x.png */; };
		2665A47D26B69CCB00E94058 /* book@2x.png in Resources */ = {isa = PBXBuildFile; fileRef = 2665A46A26B69CCB00E94058 /* book@2x.png */; };
		2665A47E26B69CCB00E94058 /* student@2x.png in Resources */ = {isa = PBXBuildFile; fileRef = 2665A46B26B69CCB00E94058 /* student@2x.png */; };
		2665A47F26B69CCB00E94058 /* icon_life@2x.png in Resources */ = {isa = PBXBuildFile; fileRef = 2665A46C26B69CCB00E94058 /* icon_life@2x.png */; };
		2665A48026B69CCB00E94058 /* icon_right_arrow@2x.png in Resources */ = {isa = PBXBuildFile; fileRef = 2665A46D26B69CCB00E94058 /* icon_right_arrow@2x.png */; };
		2665A48126B69CCB00E94058 /* icon_document@2x.png in Resources */ = {isa = PBXBuildFile; fileRef = 2665A46E26B69CCB00E94058 /* icon_document@2x.png */; };
		2665A48226B69CCB00E94058 /* home@2x.png in Resources */ = {isa = PBXBuildFile; fileRef = 2665A46F26B69CCB00E94058 /* home@2x.png */; };
		2665A48326B69CCB00E94058 /* icon_column@2x.png in Resources */ = {isa = PBXBuildFile; fileRef = 2665A47026B69CCB00E94058 /* icon_column@2x.png */; };
		2665A48426B69CCB00E94058 /* icon_course@2x.png in Resources */ = {isa = PBXBuildFile; fileRef = 2665A47126B69CCB00E94058 /* icon_course@2x.png */; };
		2665A48526B69CCB00E94058 /* icon_between@2x.png in Resources */ = {isa = PBXBuildFile; fileRef = 2665A47226B69CCB00E94058 /* icon_between@2x.png */; };
		2665A48626B69CCB00E94058 /* detailBg@2x.png in Resources */ = {isa = PBXBuildFile; fileRef = 2665A47326B69CCB00E94058 /* detailBg@2x.png */; };
		2665A48726B69CCB00E94058 /* mine_selected@2x.png in Resources */ = {isa = PBXBuildFile; fileRef = 2665A47426B69CCB00E94058 /* mine_selected@2x.png */; };
		2665A48826B69CCB00E94058 /* mine@2x.png in Resources */ = {isa = PBXBuildFile; fileRef = 2665A47526B69CCB00E94058 /* mine@2x.png */; };
		2665A48926B69CCB00E94058 /* logo@2x.png in Resources */ = {isa = PBXBuildFile; fileRef = 2665A47626B69CCB00E94058 /* logo@2x.png */; };
		2665A48A26B69CCB00E94058 /* icon_live@2x.png in Resources */ = {isa = PBXBuildFile; fileRef = 2665A47726B69CCB00E94058 /* icon_live@2x.png */; };
		2665A48B26B69CCB00E94058 /* icon_cal@2x.png in Resources */ = {isa = PBXBuildFile; fileRef = 2665A47826B69CCB00E94058 /* icon_cal@2x.png */; };
		2665A48C26B69CCB00E94058 /* icon_pwd@2x.png in Resources */ = {isa = PBXBuildFile; fileRef = 2665A47926B69CCB00E94058 /* icon_pwd@2x.png */; };
		2665A48F26B69D8600E94058 /* R.generated.swift in Sources */ = {isa = PBXBuildFile; fileRef = 2665A48E26B69D8600E94058 /* R.generated.swift */; };
		2665A49926B6A23B00E94058 /* Product.swift in Sources */ = {isa = PBXBuildFile; fileRef = 2665A49826B6A23B00E94058 /* Product.swift */; };
		2665A49D26B6A2DF00E94058 /* Deal.swift in Sources */ = {isa = PBXBuildFile; fileRef = 2665A49C26B6A2DF00E94058 /* Deal.swift */; };
		2665A4A126B6A31E00E94058 /* MockData.swift in Sources */ = {isa = PBXBuildFile; fileRef = 2665A4A026B6A31E00E94058 /* MockData.swift */; };
		26B7A59426B6B4F700B4836E /* UIColorExtension.swift in Sources */ = {isa = PBXBuildFile; fileRef = 26B7A59326B6B4F700B4836E /* UIColorExtension.swift */; };
		26B7A59726B6D27C00B4836E /* BaseViewController.swift in Sources */ = {isa = PBXBuildFile; fileRef = 26B7A59626B6D27C00B4836E /* BaseViewController.swift */; };
		26B7A59B26B6D38A00B4836E /* LoginViewController.swift in Sources */ = {isa = PBXBuildFile; fileRef = 26B7A59A26B6D38A00B4836E /* LoginViewController.swift */; };
		914EA2DB4AFC3055682E1718 /* Pods_CourseCenter.framework in Frameworks */ = {isa = PBXBuildFile; fileRef = E779C414A258006018C94C9F /* Pods_CourseCenter.framework */; };
/* End PBXBuildFile section */

/* Begin PBXFileReference section */
		261CF66C26B6895C004B1450 /* CourseCenter.app */ = {isa = PBXFileReference; explicitFileType = wrapper.application; includeInIndex = 0; path = CourseCenter.app; sourceTree = BUILT_PRODUCTS_DIR; };
		261CF66F26B6895C004B1450 /* AppDelegate.swift */ = {isa = PBXFileReference; lastKnownFileType = sourcecode.swift; path = AppDelegate.swift; sourceTree = "<group>"; };
		261CF67126B6895C004B1450 /* SceneDelegate.swift */ = {isa = PBXFileReference; lastKnownFileType = sourcecode.swift; path = SceneDelegate.swift; sourceTree = "<group>"; };
		261CF67326B6895C004B1450 /* ViewController.swift */ = {isa = PBXFileReference; lastKnownFileType = sourcecode.swift; path = ViewController.swift; sourceTree = "<group>"; };
		261CF67626B6895C004B1450 /* Base */ = {isa = PBXFileReference; lastKnownFileType = file.storyboard; name = Base; path = Base.lproj/Main.storyboard; sourceTree = "<group>"; };
		261CF67826B68965004B1450 /* Assets.xcassets */ = {isa = PBXFileReference; lastKnownFileType = folder.assetcatalog; path = Assets.xcassets; sourceTree = "<group>"; };
		261CF67B26B68965004B1450 /* Base */ = {isa = PBXFileReference; lastKnownFileType = file.storyboard; name = Base; path = Base.lproj/LaunchScreen.storyboard; sourceTree = "<group>"; };
		261CF67D26B68965004B1450 /* Info.plist */ = {isa = PBXFileReference; lastKnownFileType = text.plist.xml; path = Info.plist; sourceTree = "<group>"; };
		2665A46726B69CCA00E94058 /* home_selected@2x.png */ = {isa = PBXFileReference; lastKnownFileType = image.png; path = "home_selected@2x.png"; sourceTree = "<group>"; };
		2665A46826B69CCA00E94058 /* defaultAvatar@2x.jpg */ = {isa = PBXFileReference; lastKnownFileType = image.jpeg; path = "defaultAvatar@2x.jpg"; sourceTree = "<group>"; };
		2665A46926B69CCB00E94058 /* icon_phone@2x.png */ = {isa = PBXFileReference; lastKnownFileType = image.png; path = "icon_phone@2x.png"; sourceTree = "<group>"; };
		2665A46A26B69CCB00E94058 /* book@2x.png */ = {isa = PBXFileReference; lastKnownFileType = image.png; path = "book@2x.png"; sourceTree = "<group>"; };
		2665A46B26B69CCB00E94058 /* student@2x.png */ = {isa = PBXFileReference; lastKnownFileType = image.png; path = "student@2x.png"; sourceTree = "<group>"; };
		2665A46C26B69CCB00E94058 /* icon_life@2x.png */ = {isa = PBXFileReference; lastKnownFileType = image.png; path = "icon_life@2x.png"; sourceTree = "<group>"; };
		2665A46D26B69CCB00E94058 /* icon_right_arrow@2x.png */ = {isa = PBXFileReference; lastKnownFileType = image.png; path = "icon_right_arrow@2x.png"; sourceTree = "<group>"; };
		2665A46E26B69CCB00E94058 /* icon_document@2x.png */ = {isa = PBXFileReference; lastKnownFileType = image.png; path = "icon_document@2x.png"; sourceTree = "<group>"; };
		2665A46F26B69CCB00E94058 /* home@2x.png */ = {isa = PBXFileReference; lastKnownFileType = image.png; path = "home@2x.png"; sourceTree = "<group>"; };
		2665A47026B69CCB00E94058 /* icon_column@2x.png */ = {isa = PBXFileReference; lastKnownFileType = image.png; path = "icon_column@2x.png"; sourceTree = "<group>"; };
		2665A47126B69CCB00E94058 /* icon_course@2x.png */ = {isa = PBXFileReference; lastKnownFileType = image.png; path = "icon_course@2x.png"; sourceTree = "<group>"; };
		2665A47226B69CCB00E94058 /* icon_between@2x.png */ = {isa = PBXFileReference; lastKnownFileType = image.png; path = "icon_between@2x.png"; sourceTree = "<group>"; };
		2665A47326B69CCB00E94058 /* detailBg@2x.png */ = {isa = PBXFileReference; lastKnownFileType = image.png; path = "detailBg@2x.png"; sourceTree = "<group>"; };
		2665A47426B69CCB00E94058 /* mine_selected@2x.png */ = {isa = PBXFileReference; lastKnownFileType = image.png; path = "mine_selected@2x.png"; sourceTree = "<group>"; };
		2665A47526B69CCB00E94058 /* mine@2x.png */ = {isa = PBXFileReference; lastKnownFileType = image.png; path = "mine@2x.png"; sourceTree = "<group>"; };
		2665A47626B69CCB00E94058 /* logo@2x.png */ = {isa = PBXFileReference; lastKnownFileType = image.png; path = "logo@2x.png"; sourceTree = "<group>"; };
		2665A47726B69CCB00E94058 /* icon_live@2x.png */ = {isa = PBXFileReference; lastKnownFileType = image.png; path = "icon_live@2x.png"; sourceTree = "<group>"; };
		2665A47826B69CCB00E94058 /* icon_cal@2x.png */ = {isa = PBXFileReference; lastKnownFileType = image.png; path = "icon_cal@2x.png"; sourceTree = "<group>"; };
		2665A47926B69CCB00E94058 /* icon_pwd@2x.png */ = {isa = PBXFileReference; lastKnownFileType = image.png; path = "icon_pwd@2x.png"; sourceTree = "<group>"; };
		2665A48E26B69D8600E94058 /* R.generated.swift */ = {isa = PBXFileReference; fileEncoding = 4; lastKnownFileType = sourcecode.swift; path = R.generated.swift; sourceTree = SOURCE_ROOT; };
		2665A49826B6A23B00E94058 /* Product.swift */ = {isa = PBXFileReference; lastKnownFileType = sourcecode.swift; path = Product.swift; sourceTree = "<group>"; };
		2665A49C26B6A2DF00E94058 /* Deal.swift */ = {isa = PBXFileReference; lastKnownFileType = sourcecode.swift; path = Deal.swift; sourceTree = "<group>"; };
		2665A4A026B6A31E00E94058 /* MockData.swift */ = {isa = PBXFileReference; lastKnownFileType = sourcecode.swift; path = MockData.swift; sourceTree = "<group>"; };
		26B7A59326B6B4F700B4836E /* UIColorExtension.swift */ = {isa = PBXFileReference; lastKnownFileType = sourcecode.swift; path = UIColorExtension.swift; sourceTree = "<group>"; };
		26B7A59626B6D27C00B4836E /* BaseViewController.swift */ = {isa = PBXFileReference; lastKnownFileType = sourcecode.swift; path = BaseViewController.swift; sourceTree = "<group>"; };
		26B7A59A26B6D38A00B4836E /* LoginViewController.swift */ = {isa = PBXFileReference; lastKnownFileType = sourcecode.swift; path = LoginViewController.swift; sourceTree = "<group>"; };
		925465FF018C2294F8096002 /* Pods-CourseCenter.release.xcconfig */ = {isa = PBXFileReference; includeInIndex = 1; lastKnownFileType = text.xcconfig; name = "Pods-CourseCenter.release.xcconfig"; path = "Target Support Files/Pods-CourseCenter/Pods-CourseCenter.release.xcconfig"; sourceTree = "<group>"; };
		E779C414A258006018C94C9F /* Pods_CourseCenter.framework */ = {isa = PBXFileReference; explicitFileType = wrapper.framework; includeInIndex = 0; path = Pods_CourseCenter.framework; sourceTree = BUILT_PRODUCTS_DIR; };
		F0D552BB921A239F25A31546 /* Pods-CourseCenter.debug.xcconfig */ = {isa = PBXFileReference; includeInIndex = 1; lastKnownFileType = text.xcconfig; name = "Pods-CourseCenter.debug.xcconfig"; path = "Target Support Files/Pods-CourseCenter/Pods-CourseCenter.debug.xcconfig"; sourceTree = "<group>"; };
/* End PBXFileReference section */

/* Begin PBXFrameworksBuildPhase section */
		261CF66926B6895C004B1450 /* Frameworks */ = {
			isa = PBXFrameworksBuildPhase;
			buildActionMask = 2147483647;
			files = (
				914EA2DB4AFC3055682E1718 /* Pods_CourseCenter.framework in Frameworks */,
			);
			runOnlyForDeploymentPostprocessing = 0;
		};
/* End PBXFrameworksBuildPhase section */

/* Begin PBXGroup section */
		096275BCCBBDA3F4B2A01D58 /* Frameworks */ = {
			isa = PBXGroup;
			children = (
				E779C414A258006018C94C9F /* Pods_CourseCenter.framework */,
			);
			name = Frameworks;
			sourceTree = "<group>";
		};
		261CF66326B6895C004B1450 = {
			isa = PBXGroup;
			children = (
				261CF66E26B6895C004B1450 /* CourseCenter */,
				261CF66D26B6895C004B1450 /* Products */,
				7FA583B3F96B5725E77C7706 /* Pods */,
				096275BCCBBDA3F4B2A01D58 /* Frameworks */,
			);
			sourceTree = "<group>";
		};
		261CF66D26B6895C004B1450 /* Products */ = {
			isa = PBXGroup;
			children = (
				261CF66C26B6895C004B1450 /* CourseCenter.app */,
			);
			name = Products;
			sourceTree = "<group>";
		};
		261CF66E26B6895C004B1450 /* CourseCenter */ = {
			isa = PBXGroup;
			children = (
				26B7A59926B6D36900B4836E /* Controller */,
				26B7A59226B6B41C00B4836E /* Extension */,
				2665A49726B6A22300E94058 /* Model */,
				2665A48E26B69D8600E94058 /* R.generated.swift */,
				2665A46626B69C7D00E94058 /* Resource */,
				261CF66F26B6895C004B1450 /* AppDelegate.swift */,
				261CF67126B6895C004B1450 /* SceneDelegate.swift */,
				261CF67326B6895C004B1450 /* ViewController.swift */,
				261CF67526B6895C004B1450 /* Main.storyboard */,
				261CF67826B68965004B1450 /* Assets.xcassets */,
				261CF67A26B68965004B1450 /* LaunchScreen.storyboard */,
				261CF67D26B68965004B1450 /* Info.plist */,
			);
			path = CourseCenter;
			sourceTree = "<group>";
		};
		2665A46626B69C7D00E94058 /* Resource */ = {
			isa = PBXGroup;
			children = (
				2665A46A26B69CCB00E94058 /* book@2x.png */,
				2665A46826B69CCA00E94058 /* defaultAvatar@2x.jpg */,
				2665A47326B69CCB00E94058 /* detailBg@2x.png */,
				2665A46726B69CCA00E94058 /* home_selected@2x.png */,
				2665A46F26B69CCB00E94058 /* home@2x.png */,
				2665A47226B69CCB00E94058 /* icon_between@2x.png */,
				2665A47826B69CCB00E94058 /* icon_cal@2x.png */,
				2665A47026B69CCB00E94058 /* icon_column@2x.png */,
				2665A47126B69CCB00E94058 /* icon_course@2x.png */,
				2665A46E26B69CCB00E94058 /* icon_document@2x.png */,
				2665A46C26B69CCB00E94058 /* icon_life@2x.png */,
				2665A47726B69CCB00E94058 /* icon_live@2x.png */,
				2665A46926B69CCB00E94058 /* icon_phone@2x.png */,
				2665A47926B69CCB00E94058 /* icon_pwd@2x.png */,
				2665A46D26B69CCB00E94058 /* icon_right_arrow@2x.png */,
				2665A47626B69CCB00E94058 /* logo@2x.png */,
				2665A47426B69CCB00E94058 /* mine_selected@2x.png */,
				2665A47526B69CCB00E94058 /* mine@2x.png */,
				2665A46B26B69CCB00E94058 /* student@2x.png */,
			);
			path = Resource;
			sourceTree = "<group>";
		};
		2665A49726B6A22300E94058 /* Model */ = {
			isa = PBXGroup;
			children = (
				2665A49826B6A23B00E94058 /* Product.swift */,
				2665A49C26B6A2DF00E94058 /* Deal.swift */,
				2665A4A026B6A31E00E94058 /* MockData.swift */,
			);
			path = Model;
			sourceTree = "<group>";
		};
		26B7A59226B6B41C00B4836E /* Extension */ = {
			isa = PBXGroup;
			children = (
				26B7A59326B6B4F700B4836E /* UIColorExtension.swift */,
			);
			path = Extension;
			sourceTree = "<group>";
		};
		26B7A59926B6D36900B4836E /* Controller */ = {
			isa = PBXGroup;
			children = (
				26B7A59626B6D27C00B4836E /* BaseViewController.swift */,
				26B7A59A26B6D38A00B4836E /* LoginViewController.swift */,
			);
			path = Controller;
			sourceTree = "<group>";
		};
		7FA583B3F96B5725E77C7706 /* Pods */ = {
			isa = PBXGroup;
			children = (
				F0D552BB921A239F25A31546 /* Pods-CourseCenter.debug.xcconfig */,
				925465FF018C2294F8096002 /* Pods-CourseCenter.release.xcconfig */,
			);
			path = Pods;
			sourceTree = "<group>";
		};
/* End PBXGroup section */

/* Begin PBXNativeTarget section */
		261CF66B26B6895C004B1450 /* CourseCenter */ = {
			isa = PBXNativeTarget;
			buildConfigurationList = 261CF68026B68965004B1450 /* Build configuration list for PBXNativeTarget "CourseCenter" */;
			buildPhases = (
				E29A6C03E8F0E1B59D0F57C7 /* [CP] Check Pods Manifest.lock */,
				261CF68426B68AE1004B1450 /* ShellScript */,
				261CF66826B6895C004B1450 /* Sources */,
				261CF66926B6895C004B1450 /* Frameworks */,
				261CF66A26B6895C004B1450 /* Resources */,
				D9C64E76FCF39D375E7D2682 /* [CP] Embed Pods Frameworks */,
			);
			buildRules = (
			);
			dependencies = (
			);
			name = CourseCenter;
			productName = CourseCenter;
			productReference = 261CF66C26B6895C004B1450 /* CourseCenter.app */;
			productType = "com.apple.product-type.application";
		};
/* End PBXNativeTarget section */

/* Begin PBXProject section */
		261CF66426B6895C004B1450 /* Project object */ = {
			isa = PBXProject;
			attributes = {
				LastSwiftUpdateCheck = 1230;
				LastUpgradeCheck = 1230;
				TargetAttributes = {
					261CF66B26B6895C004B1450 = {
						CreatedOnToolsVersion = 12.3;
					};
				};
			};
			buildConfigurationList = 261CF66726B6895C004B1450 /* Build configuration list for PBXProject "CourseCenter" */;
			compatibilityVersion = "Xcode 9.3";
			developmentRegion = en;
			hasScannedForEncodings = 0;
			knownRegions = (
				en,
				Base,
			);
			mainGroup = 261CF66326B6895C004B1450;
			productRefGroup = 261CF66D26B6895C004B1450 /* Products */;
			projectDirPath = "";
			projectRoot = "";
			targets = (
				261CF66B26B6895C004B1450 /* CourseCenter */,
			);
		};
/* End PBXProject section */

/* Begin PBXResourcesBuildPhase section */
		261CF66A26B6895C004B1450 /* Resources */ = {
			isa = PBXResourcesBuildPhase;
			buildActionMask = 2147483647;
			files = (
				2665A47C26B69CCB00E94058 /* icon_phone@2x.png in Resources */,
				2665A48C26B69CCB00E94058 /* icon_pwd@2x.png in Resources */,
				2665A47D26B69CCB00E94058 /* book@2x.png in Resources */,
				2665A48526B69CCB00E94058 /* icon_between@2x.png in Resources */,
				2665A47E26B69CCB00E94058 /* student@2x.png in Resources */,
				2665A48326B69CCB00E94058 /* icon_column@2x.png in Resources */,
				261CF67C26B68965004B1450 /* LaunchScreen.storyboard in Resources */,
				2665A48726B69CCB00E94058 /* mine_selected@2x.png in Resources */,
				2665A48126B69CCB00E94058 /* icon_document@2x.png in Resources */,
				2665A48226B69CCB00E94058 /* home@2x.png in Resources */,
				2665A48A26B69CCB00E94058 /* icon_live@2x.png in Resources */,
				2665A48626B69CCB00E94058 /* detailBg@2x.png in Resources */,
				2665A48026B69CCB00E94058 /* icon_right_arrow@2x.png in Resources */,
				2665A48826B69CCB00E94058 /* mine@2x.png in Resources */,
				2665A47F26B69CCB00E94058 /* icon_life@2x.png in Resources */,
				2665A47B26B69CCB00E94058 /* defaultAvatar@2x.jpg in Resources */,
				261CF67926B68965004B1450 /* Assets.xcassets in Resources */,
				2665A47A26B69CCB00E94058 /* home_selected@2x.png in Resources */,
				2665A48926B69CCB00E94058 /* logo@2x.png in Resources */,
				2665A48426B69CCB00E94058 /* icon_course@2x.png in Resources */,
				261CF67726B6895C004B1450 /* Main.storyboard in Resources */,
				2665A48B26B69CCB00E94058 /* icon_cal@2x.png in Resources */,
			);
			runOnlyForDeploymentPostprocessing = 0;
		};
/* End PBXResourcesBuildPhase section */

/* Begin PBXShellScriptBuildPhase section */
		261CF68426B68AE1004B1450 /* ShellScript */ = {
			isa = PBXShellScriptBuildPhase;
			buildActionMask = 2147483647;
			files = (
			);
			inputFileListPaths = (
			);
			inputPaths = (
				"$TEMP_DIR/rswift-lastrun",
			);
			outputFileListPaths = (
			);
			outputPaths = (
				$SRCROOT/R.generated.swift,
			);
			runOnlyForDeploymentPostprocessing = 0;
			shellPath = /bin/sh;
			shellScript = "\"$PODS_ROOT/R.swift/rswift\" generate \"$SRCROOT/R.generated.swift\"\n";
		};
		D9C64E76FCF39D375E7D2682 /* [CP] Embed Pods Frameworks */ = {
			isa = PBXShellScriptBuildPhase;
			buildActionMask = 2147483647;
			files = (
			);
			inputFileListPaths = (
				"${PODS_ROOT}/Target Support Files/Pods-CourseCenter/Pods-CourseCenter-frameworks-${CONFIGURATION}-input-files.xcfilelist",
			);
			name = "[CP] Embed Pods Frameworks";
			outputFileListPaths = (
				"${PODS_ROOT}/Target Support Files/Pods-CourseCenter/Pods-CourseCenter-frameworks-${CONFIGURATION}-output-files.xcfilelist",
			);
			runOnlyForDeploymentPostprocessing = 0;
			shellPath = /bin/sh;
			shellScript = "\"${PODS_ROOT}/Target Support Files/Pods-CourseCenter/Pods-CourseCenter-frameworks.sh\"\n";
			showEnvVarsInLog = 0;
		};
		E29A6C03E8F0E1B59D0F57C7 /* [CP] Check Pods Manifest.lock */ = {
			isa = PBXShellScriptBuildPhase;
			buildActionMask = 2147483647;
			files = (
			);
			inputFileListPaths = (
			);
			inputPaths = (
				"${PODS_PODFILE_DIR_PATH}/Podfile.lock",
				"${PODS_ROOT}/Manifest.lock",
			);
			name = "[CP] Check Pods Manifest.lock";
			outputFileListPaths = (
			);
			outputPaths = (
				"$(DERIVED_FILE_DIR)/Pods-CourseCenter-checkManifestLockResult.txt",
			);
			runOnlyForDeploymentPostprocessing = 0;
			shellPath = /bin/sh;
			shellScript = "diff \"${PODS_PODFILE_DIR_PATH}/Podfile.lock\" \"${PODS_ROOT}/Manifest.lock\" > /dev/null\nif [ $? != 0 ] ; then\n    # print error to STDERR\n    echo \"error: The sandbox is not in sync with the Podfile.lock. Run 'pod install' or update your CocoaPods installation.\" >&2\n    exit 1\nfi\n# This output is used by Xcode 'outputs' to avoid re-running this script phase.\necho \"SUCCESS\" > \"${SCRIPT_OUTPUT_FILE_0}\"\n";
			showEnvVarsInLog = 0;
		};
/* End PBXShellScriptBuildPhase section */

/* Begin PBXSourcesBuildPhase section */
		261CF66826B6895C004B1450 /* Sources */ = {
			isa = PBXSourcesBuildPhase;
			buildActionMask = 2147483647;
			files = (
				261CF67426B6895C004B1450 /* ViewController.swift in Sources */,
				261CF67026B6895C004B1450 /* AppDelegate.swift in Sources */,
				2665A49926B6A23B00E94058 /* Product.swift in Sources */,
				26B7A59426B6B4F700B4836E /* UIColorExtension.swift in Sources */,
				2665A49D26B6A2DF00E94058 /* Deal.swift in Sources */,
				26B7A59726B6D27C00B4836E /* BaseViewController.swift in Sources */,
				261CF67226B6895C004B1450 /* SceneDelegate.swift in Sources */,
				2665A48F26B69D8600E94058 /* R.generated.swift in Sources */,
				26B7A59B26B6D38A00B4836E /* LoginViewController.swift in Sources */,
				2665A4A126B6A31E00E94058 /* MockData.swift in Sources */,
			);
			runOnlyForDeploymentPostprocessing = 0;
		};
/* End PBXSourcesBuildPhase section */

/* Begin PBXVariantGroup section */
		261CF67526B6895C004B1450 /* Main.storyboard */ = {
			isa = PBXVariantGroup;
			children = (
				261CF67626B6895C004B1450 /* Base */,
			);
			name = Main.storyboard;
			sourceTree = "<group>";
		};
		261CF67A26B68965004B1450 /* LaunchScreen.storyboard */ = {
			isa = PBXVariantGroup;
			children = (
				261CF67B26B68965004B1450 /* Base */,
			);
			name = LaunchScreen.storyboard;
			sourceTree = "<group>";
		};
/* End PBXVariantGroup section */

/* Begin XCBuildConfiguration section */
		261CF67E26B68965004B1450 /* Debug */ = {
			isa = XCBuildConfiguration;
			buildSettings = {
				ALWAYS_SEARCH_USER_PATHS = NO;
				CLANG_ANALYZER_NONNULL = YES;
				CLANG_ANALYZER_NUMBER_OBJECT_CONVERSION = YES_AGGRESSIVE;
				CLANG_CXX_LANGUAGE_STANDARD = "gnu++14";
				CLANG_CXX_LIBRARY = "libc++";
				CLANG_ENABLE_MODULES = YES;
				CLANG_ENABLE_OBJC_ARC = YES;
				CLANG_ENABLE_OBJC_WEAK = YES;
				CLANG_WARN_BLOCK_CAPTURE_AUTORELEASING = YES;
				CLANG_WARN_BOOL_CONVERSION = YES;
				CLANG_WARN_COMMA = YES;
				CLANG_WARN_CONSTANT_CONVERSION = YES;
				CLANG_WARN_DEPRECATED_OBJC_IMPLEMENTATIONS = YES;
				CLANG_WARN_DIRECT_OBJC_ISA_USAGE = YES_ERROR;
				CLANG_WARN_DOCUMENTATION_COMMENTS = YES;
				CLANG_WARN_EMPTY_BODY = YES;
				CLANG_WARN_ENUM_CONVERSION = YES;
				CLANG_WARN_INFINITE_RECURSION = YES;
				CLANG_WARN_INT_CONVERSION = YES;
				CLANG_WARN_NON_LITERAL_NULL_CONVERSION = YES;
				CLANG_WARN_OBJC_IMPLICIT_RETAIN_SELF = YES;
				CLANG_WARN_OBJC_LITERAL_CONVERSION = YES;
				CLANG_WARN_OBJC_ROOT_CLASS = YES_ERROR;
				CLANG_WARN_QUOTED_INCLUDE_IN_FRAMEWORK_HEADER = YES;
				CLANG_WARN_RANGE_LOOP_ANALYSIS = YES;
				CLANG_WARN_STRICT_PROTOTYPES = YES;
				CLANG_WARN_SUSPICIOUS_MOVE = YES;
				CLANG_WARN_UNGUARDED_AVAILABILITY = YES_AGGRESSIVE;
				CLANG_WARN_UNREACHABLE_CODE = YES;
				CLANG_WARN__DUPLICATE_METHOD_MATCH = YES;
				COPY_PHASE_STRIP = NO;
				DEBUG_INFORMATION_FORMAT = dwarf;
				ENABLE_STRICT_OBJC_MSGSEND = YES;
				ENABLE_TESTABILITY = YES;
				GCC_C_LANGUAGE_STANDARD = gnu11;
				GCC_DYNAMIC_NO_PIC = NO;
				GCC_NO_COMMON_BLOCKS = YES;
				GCC_OPTIMIZATION_LEVEL = 0;
				GCC_PREPROCESSOR_DEFINITIONS = (
					"DEBUG=1",
					"$(inherited)",
				);
				GCC_WARN_64_TO_32_BIT_CONVERSION = YES;
				GCC_WARN_ABOUT_RETURN_TYPE = YES_ERROR;
				GCC_WARN_UNDECLARED_SELECTOR = YES;
				GCC_WARN_UNINITIALIZED_AUTOS = YES_AGGRESSIVE;
				GCC_WARN_UNUSED_FUNCTION = YES;
				GCC_WARN_UNUSED_VARIABLE = YES;
				IPHONEOS_DEPLOYMENT_TARGET = 13.6;
				MTL_ENABLE_DEBUG_INFO = INCLUDE_SOURCE;
				MTL_FAST_MATH = YES;
				ONLY_ACTIVE_ARCH = YES;
				SDKROOT = iphoneos;
				SWIFT_ACTIVE_COMPILATION_CONDITIONS = DEBUG;
				SWIFT_OPTIMIZATION_LEVEL = "-Onone";
			};
			name = Debug;
		};
		261CF67F26B68965004B1450 /* Release */ = {
			isa = XCBuildConfiguration;
			buildSettings = {
				ALWAYS_SEARCH_USER_PATHS = NO;
				CLANG_ANALYZER_NONNULL = YES;
				CLANG_ANALYZER_NUMBER_OBJECT_CONVERSION = YES_AGGRESSIVE;
				CLANG_CXX_LANGUAGE_STANDARD = "gnu++14";
				CLANG_CXX_LIBRARY = "libc++";
				CLANG_ENABLE_MODULES = YES;
				CLANG_ENABLE_OBJC_ARC = YES;
				CLANG_ENABLE_OBJC_WEAK = YES;
				CLANG_WARN_BLOCK_CAPTURE_AUTORELEASING = YES;
				CLANG_WARN_BOOL_CONVERSION = YES;
				CLANG_WARN_COMMA = YES;
				CLANG_WARN_CONSTANT_CONVERSION = YES;
				CLANG_WARN_DEPRECATED_OBJC_IMPLEMENTATIONS = YES;
				CLANG_WARN_DIRECT_OBJC_ISA_USAGE = YES_ERROR;
				CLANG_WARN_DOCUMENTATION_COMMENTS = YES;
				CLANG_WARN_EMPTY_BODY = YES;
				CLANG_WARN_ENUM_CONVERSION = YES;
				CLANG_WARN_INFINITE_RECURSION = YES;
				CLANG_WARN_INT_CONVERSION = YES;
				CLANG_WARN_NON_LITERAL_NULL_CONVERSION = YES;
				CLANG_WARN_OBJC_IMPLICIT_RETAIN_SELF = YES;
				CLANG_WARN_OBJC_LITERAL_CONVERSION = YES;
				CLANG_WARN_OBJC_ROOT_CLASS = YES_ERROR;
				CLANG_WARN_QUOTED_INCLUDE_IN_FRAMEWORK_HEADER = YES;
				CLANG_WARN_RANGE_LOOP_ANALYSIS = YES;
				CLANG_WARN_STRICT_PROTOTYPES = YES;
				CLANG_WARN_SUSPICIOUS_MOVE = YES;
				CLANG_WARN_UNGUARDED_AVAILABILITY = YES_AGGRESSIVE;
				CLANG_WARN_UNREACHABLE_CODE = YES;
				CLANG_WARN__DUPLICATE_METHOD_MATCH = YES;
				COPY_PHASE_STRIP = NO;
				DEBUG_INFORMATION_FORMAT = "dwarf-with-dsym";
				ENABLE_NS_ASSERTIONS = NO;
				ENABLE_STRICT_OBJC_MSGSEND = YES;
				GCC_C_LANGUAGE_STANDARD = gnu11;
				GCC_NO_COMMON_BLOCKS = YES;
				GCC_WARN_64_TO_32_BIT_CONVERSION = YES;
				GCC_WARN_ABOUT_RETURN_TYPE = YES_ERROR;
				GCC_WARN_UNDECLARED_SELECTOR = YES;
				GCC_WARN_UNINITIALIZED_AUTOS = YES_AGGRESSIVE;
				GCC_WARN_UNUSED_FUNCTION = YES;
				GCC_WARN_UNUSED_VARIABLE = YES;
				IPHONEOS_DEPLOYMENT_TARGET = 13.6;
				MTL_ENABLE_DEBUG_INFO = NO;
				MTL_FAST_MATH = YES;
				SDKROOT = iphoneos;
				SWIFT_COMPILATION_MODE = wholemodule;
				SWIFT_OPTIMIZATION_LEVEL = "-O";
				VALIDATE_PRODUCT = YES;
			};
			name = Release;
		};
		261CF68126B68965004B1450 /* Debug */ = {
			isa = XCBuildConfiguration;
			baseConfigurationReference = F0D552BB921A239F25A31546 /* Pods-CourseCenter.debug.xcconfig */;
			buildSettings = {
				ASSETCATALOG_COMPILER_APPICON_NAME = AppIcon;
				ASSETCATALOG_COMPILER_GLOBAL_ACCENT_COLOR_NAME = AccentColor;
				CODE_SIGN_STYLE = Automatic;
				INFOPLIST_FILE = CourseCenter/Info.plist;
				LD_RUNPATH_SEARCH_PATHS = (
					"$(inherited)",
					"@executable_path/Frameworks",
				);
				PRODUCT_BUNDLE_IDENTIFIER = com.cc.zytv.CourseCenter;
				PRODUCT_NAME = "$(TARGET_NAME)";
				SWIFT_VERSION = 5.0;
				TARGETED_DEVICE_FAMILY = "1,2";
			};
			name = Debug;
		};
		261CF68226B68965004B1450 /* Release */ = {
			isa = XCBuildConfiguration;
			baseConfigurationReference = 925465FF018C2294F8096002 /* Pods-CourseCenter.release.xcconfig */;
			buildSettings = {
				ASSETCATALOG_COMPILER_APPICON_NAME = AppIcon;
				ASSETCATALOG_COMPILER_GLOBAL_ACCENT_COLOR_NAME = AccentColor;
				CODE_SIGN_STYLE = Automatic;
				INFOPLIST_FILE = CourseCenter/Info.plist;
				LD_RUNPATH_SEARCH_PATHS = (
					"$(inherited)",
					"@executable_path/Frameworks",
				);
				PRODUCT_BUNDLE_IDENTIFIER = com.cc.zytv.CourseCenter;
				PRODUCT_NAME = "$(TARGET_NAME)";
				SWIFT_VERSION = 5.0;
				TARGETED_DEVICE_FAMILY = "1,2";
			};
			name = Release;
		};
/* End XCBuildConfiguration section */

/* Begin XCConfigurationList section */
		261CF66726B6895C004B1450 /* Build configuration list for PBXProject "CourseCenter" */ = {
			isa = XCConfigurationList;
			buildConfigurations = (
				261CF67E26B68965004B1450 /* Debug */,
				261CF67F26B68965004B1450 /* Release */,
			);
			defaultConfigurationIsVisible = 0;
			defaultConfigurationName = Release;
		};
		261CF68026B68965004B1450 /* Build configuration list for PBXNativeTarget "CourseCenter" */ = {
			isa = XCConfigurationList;
			buildConfigurations = (
				261CF68126B68965004B1450 /* Debug */,
				261CF68226B68965004B1450 /* Release */,
			);
			defaultConfigurationIsVisible = 0;
			defaultConfigurationName = Release;
		};
/* End XCConfigurationList section */
	};
	rootObject = 261CF66426B6895C004B1450 /* Project object */;
}
